
Microsoft Visual Studio Solution File, Format Version 12.00
# Visual Studio 15
VisualStudioVersion = 15.0.28307.168
MinimumVisualStudioVersion = 10.0.40219.1
Project("{9A19103F-16F7-4668-BE54-9A1E7A4F7556}") = "PipeLinePOCLambda", "PipeLinePOCLambda\PipeLinePOCLambda.csproj", "{8810C1DC-2046-4F01-8E95-6EAD431CE517}"
EndProject
Global
	GlobalSection(SolutionConfigurationPlatforms) = preSolution
		Debug|Any CPU = Debug|Any CPU
		Release|Any CPU = Release|Any CPU
	EndGlobalSection
	GlobalSection(ProjectConfigurationPlatforms) = postSolution
		{8810C1DC-2046-4F01-8E95-6EAD431CE517}.Debug|Any CPU.ActiveCfg = Debug|Any CPU
		{8810C1DC-2046-4F01-8E95-6EAD431CE517}.Debug|Any CPU.Build.0 = Debug|Any CPU
		{8810C1DC-2046-4F01-8E95-6EAD431CE517}.Release|Any CPU.ActiveCfg = Release|Any CPU
		{8810C1DC-2046-4F01-8E95-6EAD431CE517}.Release|Any CPU.Build.0 = Release|Any CPU
	EndGlobalSection
	GlobalSection(SolutionProperties) = preSolution
		HideSolutionNode = FALSE
	EndGlobalSection
	GlobalSection(ExtensibilityGlobals) = postSolution
		SolutionGuid = {6174B9AD-7CA5-417C-A96E-8BD0EBEF214D}
	EndGlobalSection
EndGlobal
